
Microsoft Visual Studio Solution File, Format Version 12.00
# Visual Studio Version 17
VisualStudioVersion = 17.14.37314.3 d17.14
MinimumVisualStudioVersion = 10.0.40219.1
Project("{FAE04EC0-301F-11D3-BF4B-00C04F79EFBC}") = "ConsoleApplications", "ConsoleApplications.csproj", "{5FAD1975-7464-4E4C-97B2-2B98155DA476}"
EndProject
Global
	GlobalSection(SolutionConfigurationPlatforms) = preSolution
		Debug|Any CPU = Debug|Any CPU
		Release|Any CPU = Release|Any CPU
	EndGlobalSection
	GlobalSection(ProjectConfigurationPlatforms) = postSolution
		{5FAD1975-7464-4E4C-97B2-2B98155DA476}.Debug|Any CPU.ActiveCfg = Debug|Any CPU
		{5FAD1975-7464-4E4C-97B2-2B98155DA476}.Debug|Any CPU.Build.0 = Debug|Any CPU
		{5FAD1975-7464-4E4C-97B2-2B98155DA476}.Release|Any CPU.ActiveCfg = Release|Any CPU
		{5FAD1975-7464-4E4C-97B2-2B98155DA476}.Release|Any CPU.Build.0 = Release|Any CPU
	EndGlobalSection
	GlobalSection(SolutionProperties) = preSolution
		HideSolutionNode = FALSE
	EndGlobalSection
	GlobalSection(ExtensibilityGlobals) = postSolution
		SolutionGuid = {36CBE532-12D7-4364-9C28-6A17073792E7}
	EndGlobalSection
EndGlobal
